
Microsoft Visual Studio Solution File, Format Version 12.00
# Visual Studio Version 17
VisualStudioVersion = 17.8.34330.188
MinimumVisualStudioVersion = 10.0.40219.1
Project("{FAE04EC0-301F-11D3-BF4B-00C04F79EFBC}") = "PointOfSale", "PointOfSale.csproj", "{5A2A64A7-66E4-45E7-B33F-7EF636B3ABD9}"
EndProject
Project("{FAE04EC0-301F-11D3-BF4B-00C04F79EFBC}") = "POSniLeinard", "..\POSniLeinard\POSniLeinard.csproj", "{1B4FF04C-7409-417D-B287-C638E39DAFF1}"
EndProject
Global
	GlobalSection(SolutionConfigurationPlatforms) = preSolution
		Debug|Any CPU = Debug|Any CPU
		Release|Any CPU = Release|Any CPU
	EndGlobalSection
	GlobalSection(ProjectConfigurationPlatforms) = postSolution
		{5A2A64A7-66E4-45E7-B33F-7EF636B3ABD9}.Debug|Any CPU.ActiveCfg = Debug|Any CPU
		{5A2A64A7-66E4-45E7-B33F-7EF636B3ABD9}.Debug|Any CPU.Build.0 = Debug|Any CPU
		{5A2A64A7-66E4-45E7-B33F-7EF636B3ABD9}.Release|Any CPU.ActiveCfg = Release|Any CPU
		{5A2A64A7-66E4-45E7-B33F-7EF636B3ABD9}.Release|Any CPU.Build.0 = Release|Any CPU
		{1B4FF04C-7409-417D-B287-C638E39DAFF1}.Debug|Any CPU.ActiveCfg = Debug|Any CPU
		{1B4FF04C-7409-417D-B287-C638E39DAFF1}.Debug|Any CPU.Build.0 = Debug|Any CPU
		{1B4FF04C-7409-417D-B287-C638E39DAFF1}.Release|Any CPU.ActiveCfg = Release|Any CPU
		{1B4FF04C-7409-417D-B287-C638E39DAFF1}.Release|Any CPU.Build.0 = Release|Any CPU
	EndGlobalSection
	GlobalSection(SolutionProperties) = preSolution
		HideSolutionNode = FALSE
	EndGlobalSection
	GlobalSection(ExtensibilityGlobals) = postSolution
		SolutionGuid = {D0C2C569-3C63-4434-9992-E5B2FE49F8A5}
	EndGlobalSection
EndGlobal
